
Microsoft Visual Studio Solution File, Format Version 12.00
# Visual Studio Version 17
VisualStudioVersion = 17.13.35931.197
MinimumVisualStudioVersion = 10.0.40219.1
Project("{FAE04EC0-301F-11D3-BF4B-00C04F79EFBC}") = "ConstructionMS", "ConstructionMS.csproj", "{0BCE4C05-FF22-4B79-939A-14DD46EC919B}"
EndProject
Global
	GlobalSection(SolutionConfigurationPlatforms) = preSolution
		Debug|Any CPU = Debug|Any CPU
		Release|Any CPU = Release|Any CPU
	EndGlobalSection
	GlobalSection(ProjectConfigurationPlatforms) = postSolution
		{0BCE4C05-FF22-4B79-939A-14DD46EC919B}.Debug|Any CPU.ActiveCfg = Debug|Any CPU
		{0BCE4C05-FF22-4B79-939A-14DD46EC919B}.Debug|Any CPU.Build.0 = Debug|Any CPU
		{0BCE4C05-FF22-4B79-939A-14DD46EC919B}.Release|Any CPU.ActiveCfg = Release|Any CPU
		{0BCE4C05-FF22-4B79-939A-14DD46EC919B}.Release|Any CPU.Build.0 = Release|Any CPU
	EndGlobalSection
	GlobalSection(SolutionProperties) = preSolution
		HideSolutionNode = FALSE
	EndGlobalSection
	GlobalSection(ExtensibilityGlobals) = postSolution
		SolutionGuid = {38F5FBA0-9EBE-41E3-8ABF-4A90C6C7AD66}
	EndGlobalSection
EndGlobal
